
Microsoft Visual Studio Solution File, Format Version 12.00
# Visual Studio Version 16
VisualStudioVersion = 16.0.34114.132
MinimumVisualStudioVersion = 10.0.40219.1
Project("{FAE04EC0-301F-11D3-BF4B-00C04F79EFBC}") = "FeriaVirtual", "FeriaVirtual\FeriaVirtual.csproj", "{22B14E68-AEF6-48AF-BD73-76ECE8E1E1C0}"
EndProject
Project("{FAE04EC0-301F-11D3-BF4B-00C04F79EFBC}") = "FeriaVirtual.Negocio", "FeriaVirtual.Negocio\FeriaVirtual.Negocio.csproj", "{84471FAA-A529-4E21-BCDC-6A88FDC46BF8}"
EndProject
Project("{FAE04EC0-301F-11D3-BF4B-00C04F79EFBC}") = "FeriaVirtual.DALC", "FeriaVirtual.DALC\FeriaVirtual.DALC.csproj", "{4F46AD0F-6639-4E64-A1D0-2918FD9C053E}"
EndProject
Global
	GlobalSection(SolutionConfigurationPlatforms) = preSolution
		Debug|Any CPU = Debug|Any CPU
		Release|Any CPU = Release|Any CPU
	EndGlobalSection
	GlobalSection(ProjectConfigurationPlatforms) = postSolution
		{22B14E68-AEF6-48AF-BD73-76ECE8E1E1C0}.Debug|Any CPU.ActiveCfg = Debug|Any CPU
		{22B14E68-AEF6-48AF-BD73-76ECE8E1E1C0}.Debug|Any CPU.Build.0 = Debug|Any CPU
		{22B14E68-AEF6-48AF-BD73-76ECE8E1E1C0}.Release|Any CPU.ActiveCfg = Release|Any CPU
		{22B14E68-AEF6-48AF-BD73-76ECE8E1E1C0}.Release|Any CPU.Build.0 = Release|Any CPU
		{84471FAA-A529-4E21-BCDC-6A88FDC46BF8}.Debug|Any CPU.ActiveCfg = Debug|Any CPU
		{84471FAA-A529-4E21-BCDC-6A88FDC46BF8}.Debug|Any CPU.Build.0 = Debug|Any CPU
		{84471FAA-A529-4E21-BCDC-6A88FDC46BF8}.Release|Any CPU.ActiveCfg = Release|Any CPU
		{84471FAA-A529-4E21-BCDC-6A88FDC46BF8}.Release|Any CPU.Build.0 = Release|Any CPU
		{4F46AD0F-6639-4E64-A1D0-2918FD9C053E}.Debug|Any CPU.ActiveCfg = Debug|Any CPU
		{4F46AD0F-6639-4E64-A1D0-2918FD9C053E}.Debug|Any CPU.Build.0 = Debug|Any CPU
		{4F46AD0F-6639-4E64-A1D0-2918FD9C053E}.Release|Any CPU.ActiveCfg = Release|Any CPU
		{4F46AD0F-6639-4E64-A1D0-2918FD9C053E}.Release|Any CPU.Build.0 = Release|Any CPU
	EndGlobalSection
	GlobalSection(SolutionProperties) = preSolution
		HideSolutionNode = FALSE
	EndGlobalSection
	GlobalSection(ExtensibilityGlobals) = postSolution
		SolutionGuid = {5C6099C1-25E4-4CC0-AEB9-C28222775BBC}
	EndGlobalSection
EndGlobal
